
Microsoft Visual Studio Solution File, Format Version 12.00
# Visual Studio 14
VisualStudioVersion = 14.0.25420.1
MinimumVisualStudioVersion = 10.0.40219.1
Project("{2150E333-8FDC-42A3-9474-1A3956D46DE8}") = "Solution Items", "Solution Items", "{DC7BDE0B-C851-43A6-ADFA-E9C3A49C4159}"
	ProjectSection(SolutionItems) = preProject
		..\.babelrc = ..\.babelrc
		..\.gitignore = ..\.gitignore
		..\.yarnclean = ..\.yarnclean
		..\CNAME = ..\CNAME
		..\faq.html = ..\faq.html
		..\js\faq.js = ..\js\faq.js
		..\favicon.ico = ..\favicon.ico
		..\guide.html = ..\guide.html
		..\js\guide.js = ..\js\guide.js
		..\index.html = ..\index.html
		..\js\index.js = ..\js\index.js
		..\LICENSE = ..\LICENSE
		..\README.md = ..\README.md
	EndProjectSection
EndProject
Project("{2150E333-8FDC-42A3-9474-1A3956D46DE8}") = "js", "js", "{09B2E007-499C-47FF-834F-5F6C2B3C454C}"
	ProjectSection(SolutionItems) = preProject
		..\js\faq.js = ..\js\faq.js
		..\js\guide.js = ..\js\guide.js
		..\js\index.js = ..\js\index.js
	EndProjectSection
EndProject
Global
	GlobalSection(SolutionProperties) = preSolution
		HideSolutionNode = FALSE
	EndGlobalSection
	GlobalSection(NestedProjects) = preSolution
		{09B2E007-499C-47FF-834F-5F6C2B3C454C} = {DC7BDE0B-C851-43A6-ADFA-E9C3A49C4159}
	EndGlobalSection
EndGlobal
